
Microsoft Visual Studio Solution File, Format Version 12.00
# Visual Studio Version 17
VisualStudioVersion = 17.0.31903.59
MinimumVisualStudioVersion = 10.0.40219.1
Project("{2150E333-8FDC-42A3-9474-1A3956D46DE8}") = "src", "src", "{827E0CD3-B72D-47B6-A68D-7590B98EB39B}"
EndProject
Project("{FAE04EC0-301F-11D3-BF4B-00C04F79EFBC}") = "Minerva", "src\Minerva\Minerva.csproj", "{7A957EB8-588C-4E3B-971D-85627A154E51}"
EndProject
Project("{FAE04EC0-301F-11D3-BF4B-00C04F79EFBC}") = "Minerva.MarkdownIndexer", "src\Minerva.MarkdownIndexer\Minerva.MarkdownIndexer.csproj", "{F1C47810-2A96-4588-8411-E45E8A86DFA8}"
EndProject
Project("{2150E333-8FDC-42A3-9474-1A3956D46DE8}") = "tests", "tests", "{0AB3BF05-4346-4AA6-1389-037BE0695223}"
EndProject
Project("{FAE04EC0-301F-11D3-BF4B-00C04F79EFBC}") = "Minerva.Tests", "tests\Minerva.Tests\Minerva.Tests.csproj", "{F3CD8234-3C8C-436C-BBBF-CA6357B4D2D7}"
EndProject
Project("{FAE04EC0-301F-11D3-BF4B-00C04F79EFBC}") = "Minerva.IntegrationTests", "tests\Minerva.IntegrationTests\Minerva.IntegrationTests.csproj", "{1F23C684-494D-4699-B8F2-E8865B46F13B}"
EndProject
Project("{FAE04EC0-301F-11D3-BF4B-00C04F79EFBC}") = "Minerva.ArchitectureTests", "tests\Minerva.ArchitectureTests\Minerva.ArchitectureTests.csproj", "{4205E18F-0EDF-4C2D-8680-67D914962BD3}"
EndProject
Global
	GlobalSection(SolutionConfigurationPlatforms) = preSolution
		Debug|Any CPU = Debug|Any CPU
		Debug|x64 = Debug|x64
		Debug|x86 = Debug|x86
		Release|Any CPU = Release|Any CPU
		Release|x64 = Release|x64
		Release|x86 = Release|x86
	EndGlobalSection
	GlobalSection(ProjectConfigurationPlatforms) = postSolution
		{7A957EB8-588C-4E3B-971D-85627A154E51}.Debug|Any CPU.ActiveCfg = Debug|Any CPU
		{7A957EB8-588C-4E3B-971D-85627A154E51}.Debug|Any CPU.Build.0 = Debug|Any CPU
		{7A957EB8-588C-4E3B-971D-85627A154E51}.Debug|x64.ActiveCfg = Debug|Any CPU
		{7A957EB8-588C-4E3B-971D-85627A154E51}.Debug|x64.Build.0 = Debug|Any CPU
		{7A957EB8-588C-4E3B-971D-85627A154E51}.Debug|x86.ActiveCfg = Debug|Any CPU
		{7A957EB8-588C-4E3B-971D-85627A154E51}.Debug|x86.Build.0 = Debug|Any CPU
		{7A957EB8-588C-4E3B-971D-85627A154E51}.Release|Any CPU.ActiveCfg = Release|Any CPU
		{7A957EB8-588C-4E3B-971D-85627A154E51}.Release|Any CPU.Build.0 = Release|Any CPU
		{7A957EB8-588C-4E3B-971D-85627A154E51}.Release|x64.ActiveCfg = Release|Any CPU
		{7A957EB8-588C-4E3B-971D-85627A154E51}.Release|x64.Build.0 = Release|Any CPU
		{7A957EB8-588C-4E3B-971D-85627A154E51}.Release|x86.ActiveCfg = Release|Any CPU
		{7A957EB8-588C-4E3B-971D-85627A154E51}.Release|x86.Build.0 = Release|Any CPU
		{F1C47810-2A96-4588-8411-E45E8A86DFA8}.Debug|Any CPU.ActiveCfg = Debug|Any CPU
		{F1C47810-2A96-4588-8411-E45E8A86DFA8}.Debug|Any CPU.Build.0 = Debug|Any CPU
		{F1C47810-2A96-4588-8411-E45E8A86DFA8}.Debug|x64.ActiveCfg = Debug|Any CPU
		{F1C47810-2A96-4588-8411-E45E8A86DFA8}.Debug|x64.Build.0 = Debug|Any CPU
		{F1C47810-2A96-4588-8411-E45E8A86DFA8}.Debug|x86.ActiveCfg = Debug|Any CPU
		{F1C47810-2A96-4588-8411-E45E8A86DFA8}.Debug|x86.Build.0 = Debug|Any CPU
		{F1C47810-2A96-4588-8411-E45E8A86DFA8}.Release|Any CPU.ActiveCfg = Release|Any CPU
		{F1C47810-2A96-4588-8411-E45E8A86DFA8}.Release|Any CPU.Build.0 = Release|Any CPU
		{F1C47810-2A96-4588-8411-E45E8A86DFA8}.Release|x64.ActiveCfg = Release|Any CPU
		{F1C47810-2A96-4588-8411-E45E8A86DFA8}.Release|x64.Build.0 = Release|Any CPU
		{F1C47810-2A96-4588-8411-E45E8A86DFA8}.Release|x86.ActiveCfg = Release|Any CPU
		{F1C47810-2A96-4588-8411-E45E8A86DFA8}.Release|x86.Build.0 = Release|Any CPU
		{F3CD8234-3C8C-436C-BBBF-CA6357B4D2D7}.Debug|Any CPU.ActiveCfg = Debug|Any CPU
		{F3CD8234-3C8C-436C-BBBF-CA6357B4D2D7}.Debug|Any CPU.Build.0 = Debug|Any CPU
		{F3CD8234-3C8C-436C-BBBF-CA6357B4D2D7}.Debug|x64.ActiveCfg = Debug|Any CPU
		{F3CD8234-3C8C-436C-BBBF-CA6357B4D2D7}.Debug|x64.Build.0 = Debug|Any CPU
		{F3CD8234-3C8C-436C-BBBF-CA6357B4D2D7}.Debug|x86.ActiveCfg = Debug|Any CPU
		{F3CD8234-3C8C-436C-BBBF-CA6357B4D2D7}.Debug|x86.Build.0 = Debug|Any CPU
		{F3CD8234-3C8C-436C-BBBF-CA6357B4D2D7}.Release|Any CPU.ActiveCfg = Release|Any CPU
		{F3CD8234-3C8C-436C-BBBF-CA6357B4D2D7}.Release|Any CPU.Build.0 = Release|Any CPU
		{F3CD8234-3C8C-436C-BBBF-CA6357B4D2D7}.Release|x64.ActiveCfg = Release|Any CPU
		{F3CD8234-3C8C-436C-BBBF-CA6357B4D2D7}.Release|x64.Build.0 = Release|Any CPU
		{F3CD8234-3C8C-436C-BBBF-CA6357B4D2D7}.Release|x86.ActiveCfg = Release|Any CPU
		{F3CD8234-3C8C-436C-BBBF-CA6357B4D2D7}.Release|x86.Build.0 = Release|Any CPU
		{1F23C684-494D-4699-B8F2-E8865B46F13B}.Debug|Any CPU.ActiveCfg = Debug|Any CPU
		{1F23C684-494D-4699-B8F2-E8865B46F13B}.Debug|Any CPU.Build.0 = Debug|Any CPU
		{1F23C684-494D-4699-B8F2-E8865B46F13B}.Debug|x64.ActiveCfg = Debug|Any CPU
		{1F23C684-494D-4699-B8F2-E8865B46F13B}.Debug|x64.Build.0 = Debug|Any CPU
		{1F23C684-494D-4699-B8F2-E8865B46F13B}.Debug|x86.ActiveCfg = Debug|Any CPU
		{1F23C684-494D-4699-B8F2-E8865B46F13B}.Debug|x86.Build.0 = Debug|Any CPU
		{1F23C684-494D-4699-B8F2-E8865B46F13B}.Release|Any CPU.ActiveCfg = Release|Any CPU
		{1F23C684-494D-4699-B8F2-E8865B46F13B}.Release|Any CPU.Build.0 = Release|Any CPU
		{1F23C684-494D-4699-B8F2-E8865B46F13B}.Release|x64.ActiveCfg = Release|Any CPU
		{1F23C684-494D-4699-B8F2-E8865B46F13B}.Release|x64.Build.0 = Release|Any CPU
		{1F23C684-494D-4699-B8F2-E8865B46F13B}.Release|x86.ActiveCfg = Release|Any CPU
		{1F23C684-494D-4699-B8F2-E8865B46F13B}.Release|x86.Build.0 = Release|Any CPU
		{4205E18F-0EDF-4C2D-8680-67D914962BD3}.Debug|Any CPU.ActiveCfg = Debug|Any CPU
		{4205E18F-0EDF-4C2D-8680-67D914962BD3}.Debug|Any CPU.Build.0 = Debug|Any CPU
		{4205E18F-0EDF-4C2D-8680-67D914962BD3}.Debug|x64.ActiveCfg = Debug|Any CPU
		{4205E18F-0EDF-4C2D-8680-67D914962BD3}.Debug|x64.Build.0 = Debug|Any CPU
		{4205E18F-0EDF-4C2D-8680-67D914962BD3}.Debug|x86.ActiveCfg = Debug|Any CPU
		{4205E18F-0EDF-4C2D-8680-67D914962BD3}.Debug|x86.Build.0 = Debug|Any CPU
		{4205E18F-0EDF-4C2D-8680-67D914962BD3}.Release|Any CPU.ActiveCfg = Release|Any CPU
		{4205E18F-0EDF-4C2D-8680-67D914962BD3}.Release|Any CPU.Build.0 = Release|Any CPU
		{4205E18F-0EDF-4C2D-8680-67D914962BD3}.Release|x64.ActiveCfg = Release|Any CPU
		{4205E18F-0EDF-4C2D-8680-67D914962BD3}.Release|x64.Build.0 = Release|Any CPU
		{4205E18F-0EDF-4C2D-8680-67D914962BD3}.Release|x86.ActiveCfg = Release|Any CPU
		{4205E18F-0EDF-4C2D-8680-67D914962BD3}.Release|x86.Build.0 = Release|Any CPU
	EndGlobalSection
	GlobalSection(SolutionProperties) = preSolution
		HideSolutionNode = FALSE
	EndGlobalSection
	GlobalSection(NestedProjects) = preSolution
		{7A957EB8-588C-4E3B-971D-85627A154E51} = {827E0CD3-B72D-47B6-A68D-7590B98EB39B}
		{F1C47810-2A96-4588-8411-E45E8A86DFA8} = {827E0CD3-B72D-47B6-A68D-7590B98EB39B}
		{F3CD8234-3C8C-436C-BBBF-CA6357B4D2D7} = {0AB3BF05-4346-4AA6-1389-037BE0695223}
		{1F23C684-494D-4699-B8F2-E8865B46F13B} = {0AB3BF05-4346-4AA6-1389-037BE0695223}
		{4205E18F-0EDF-4C2D-8680-67D914962BD3} = {0AB3BF05-4346-4AA6-1389-037BE0695223}
	EndGlobalSection
EndGlobal
